{
    "_readme": [
        "This file locks the dependencies of your project to a known state",
        "Read more about it at https://getcomposer.org/doc/01-basic-usage.md#composer-lock-the-lock-file",
        "This file is @generated automatically"
    ],
    "content-hash": "87d4dc0ba174178d1bd58bb23cf227ec",
    "packages": [
        {
            "name": "ke-meier/wp-app-kit",
            "version": "1.1",
            "source": {
                "type": "git",
                "url": "https://github.com/ke-meier/wp-app-kit.git",
                "reference": "bcf27f9249a9f19cbd34a5689495944ad078f2f8"
            },
            "dist": {
                "type": "zip",
                "url": "https://api.github.com/repos/ke-meier/wp-app-kit/zipball/bcf27f9249a9f19cbd34a5689495944ad078f2f8",
                "reference": "bcf27f9249a9f19cbd34a5689495944ad078f2f8",
                "shasum": ""
            },
            "require": {
                "php": ">=7.0"
            },
            "type": "library",
            "autoload": {
                "psr-0": {
                    "WPAppKit": "src/"
                }
            },
            "notification-url": "https://packagist.org/downloads/",
            "license": [
                "MIT"
            ],
            "authors": [
                {
                    "name": "Kevin Meier",
                    "email": "kevin@netzdenke.de"
                }
            ],
            "time": "2019-05-31T08:09:31+00:00"
        }
    ],
    "packages-dev": [],
    "aliases": [],
    "minimum-stability": "stable",
    "stability-flags": [],
    "prefer-stable": false,
    "prefer-lowest": false,
    "platform": [],
    "platform-dev": []
}
